
Microsoft Visual Studio Solution File, Format Version 12.00
# Visual Studio Version 16
VisualStudioVersion = 16.0.30114.105
MinimumVisualStudioVersion = 10.0.40219.1
Project("{FAE04EC0-301F-11D3-BF4B-00C04F79EFBC}") = "TodoMinimalApi", "TodoMinimalApi\TodoMinimalApi.csproj", "{9CB18C85-6F00-47F0-B63B-42305BD2C4A7}"
EndProject
Project("{FAE04EC0-301F-11D3-BF4B-00C04F79EFBC}") = "TodoWithControllers", "TodoWithControllers\TodoWithControllers.csproj", "{33A809D7-8F78-44B4-9104-6268C75E9FBB}"
EndProject
Global
	GlobalSection(SolutionConfigurationPlatforms) = preSolution
		Debug|Any CPU = Debug|Any CPU
		Release|Any CPU = Release|Any CPU
	EndGlobalSection
	GlobalSection(SolutionProperties) = preSolution
		HideSolutionNode = FALSE
	EndGlobalSection
	GlobalSection(ProjectConfigurationPlatforms) = postSolution
		{9CB18C85-6F00-47F0-B63B-42305BD2C4A7}.Debug|Any CPU.ActiveCfg = Debug|Any CPU
		{9CB18C85-6F00-47F0-B63B-42305BD2C4A7}.Debug|Any CPU.Build.0 = Debug|Any CPU
		{9CB18C85-6F00-47F0-B63B-42305BD2C4A7}.Release|Any CPU.ActiveCfg = Release|Any CPU
		{9CB18C85-6F00-47F0-B63B-42305BD2C4A7}.Release|Any CPU.Build.0 = Release|Any CPU
		{33A809D7-8F78-44B4-9104-6268C75E9FBB}.Debug|Any CPU.ActiveCfg = Debug|Any CPU
		{33A809D7-8F78-44B4-9104-6268C75E9FBB}.Debug|Any CPU.Build.0 = Debug|Any CPU
		{33A809D7-8F78-44B4-9104-6268C75E9FBB}.Release|Any CPU.ActiveCfg = Release|Any CPU
		{33A809D7-8F78-44B4-9104-6268C75E9FBB}.Release|Any CPU.Build.0 = Release|Any CPU
	EndGlobalSection
EndGlobal
